
Microsoft Visual Studio Solution File, Format Version 12.00
# Visual Studio Version 16
VisualStudioVersion = 16.0.30907.101
MinimumVisualStudioVersion = 10.0.40219.1
Project("{FAE04EC0-301F-11D3-BF4B-00C04F79EFBC}") = "shop.Android", "shop\shop.Android\shop.Android.csproj", "{F2B717A2-CFF4-4EDC-A2C7-5C49F11BC817}"
EndProject
Project("{FAE04EC0-301F-11D3-BF4B-00C04F79EFBC}") = "shop.iOS", "shop\shop.iOS\shop.iOS.csproj", "{680DE362-4427-4373-BFFB-7ED977649D92}"
EndProject
Project("{FAE04EC0-301F-11D3-BF4B-00C04F79EFBC}") = "shop", "shop\shop\shop.csproj", "{0863C4F5-3A6D-4F70-BABB-E3738B7D59B5}"
EndProject
Global
	GlobalSection(SolutionConfigurationPlatforms) = preSolution
		Debug|Any CPU = Debug|Any CPU
		Debug|iPhone = Debug|iPhone
		Debug|iPhoneSimulator = Debug|iPhoneSimulator
		Release|Any CPU = Release|Any CPU
		Release|iPhone = Release|iPhone
		Release|iPhoneSimulator = Release|iPhoneSimulator
	EndGlobalSection
	GlobalSection(ProjectConfigurationPlatforms) = postSolution
		{F2B717A2-CFF4-4EDC-A2C7-5C49F11BC817}.Debug|Any CPU.ActiveCfg = Debug|Any CPU
		{F2B717A2-CFF4-4EDC-A2C7-5C49F11BC817}.Debug|Any CPU.Build.0 = Debug|Any CPU
		{F2B717A2-CFF4-4EDC-A2C7-5C49F11BC817}.Debug|Any CPU.Deploy.0 = Debug|Any CPU
		{F2B717A2-CFF4-4EDC-A2C7-5C49F11BC817}.Debug|iPhone.ActiveCfg = Debug|Any CPU
		{F2B717A2-CFF4-4EDC-A2C7-5C49F11BC817}.Debug|iPhone.Build.0 = Debug|Any CPU
		{F2B717A2-CFF4-4EDC-A2C7-5C49F11BC817}.Debug|iPhone.Deploy.0 = Debug|Any CPU
		{F2B717A2-CFF4-4EDC-A2C7-5C49F11BC817}.Debug|iPhoneSimulator.ActiveCfg = Debug|Any CPU
		{F2B717A2-CFF4-4EDC-A2C7-5C49F11BC817}.Debug|iPhoneSimulator.Build.0 = Debug|Any CPU
		{F2B717A2-CFF4-4EDC-A2C7-5C49F11BC817}.Debug|iPhoneSimulator.Deploy.0 = Debug|Any CPU
		{F2B717A2-CFF4-4EDC-A2C7-5C49F11BC817}.Release|Any CPU.ActiveCfg = Release|Any CPU
		{F2B717A2-CFF4-4EDC-A2C7-5C49F11BC817}.Release|Any CPU.Build.0 = Release|Any CPU
		{F2B717A2-CFF4-4EDC-A2C7-5C49F11BC817}.Release|Any CPU.Deploy.0 = Release|Any CPU
		{F2B717A2-CFF4-4EDC-A2C7-5C49F11BC817}.Release|iPhone.ActiveCfg = Release|Any CPU
		{F2B717A2-CFF4-4EDC-A2C7-5C49F11BC817}.Release|iPhone.Build.0 = Release|Any CPU
		{F2B717A2-CFF4-4EDC-A2C7-5C49F11BC817}.Release|iPhone.Deploy.0 = Release|Any CPU
		{F2B717A2-CFF4-4EDC-A2C7-5C49F11BC817}.Release|iPhoneSimulator.ActiveCfg = Release|Any CPU
		{F2B717A2-CFF4-4EDC-A2C7-5C49F11BC817}.Release|iPhoneSimulator.Build.0 = Release|Any CPU
		{F2B717A2-CFF4-4EDC-A2C7-5C49F11BC817}.Release|iPhoneSimulator.Deploy.0 = Release|Any CPU
		{680DE362-4427-4373-BFFB-7ED977649D92}.Debug|Any CPU.ActiveCfg = Debug|iPhone
		{680DE362-4427-4373-BFFB-7ED977649D92}.Debug|Any CPU.Build.0 = Debug|iPhone
		{680DE362-4427-4373-BFFB-7ED977649D92}.Debug|Any CPU.Deploy.0 = Debug|iPhone
		{680DE362-4427-4373-BFFB-7ED977649D92}.Debug|iPhone.ActiveCfg = Debug|iPhone
		{680DE362-4427-4373-BFFB-7ED977649D92}.Debug|iPhone.Build.0 = Debug|iPhone
		{680DE362-4427-4373-BFFB-7ED977649D92}.Debug|iPhone.Deploy.0 = Debug|iPhone
		{680DE362-4427-4373-BFFB-7ED977649D92}.Debug|iPhoneSimulator.ActiveCfg = Debug|iPhoneSimulator
		{680DE362-4427-4373-BFFB-7ED977649D92}.Debug|iPhoneSimulator.Build.0 = Debug|iPhoneSimulator
		{680DE362-4427-4373-BFFB-7ED977649D92}.Debug|iPhoneSimulator.Deploy.0 = Debug|iPhoneSimulator
		{680DE362-4427-4373-BFFB-7ED977649D92}.Release|Any CPU.ActiveCfg = Release|iPhoneSimulator
		{680DE362-4427-4373-BFFB-7ED977649D92}.Release|Any CPU.Build.0 = Release|iPhoneSimulator
		{680DE362-4427-4373-BFFB-7ED977649D92}.Release|Any CPU.Deploy.0 = Release|iPhoneSimulator
		{680DE362-4427-4373-BFFB-7ED977649D92}.Release|iPhone.ActiveCfg = Release|iPhone
		{680DE362-4427-4373-BFFB-7ED977649D92}.Release|iPhone.Build.0 = Release|iPhone
		{680DE362-4427-4373-BFFB-7ED977649D92}.Release|iPhone.Deploy.0 = Release|iPhone
		{680DE362-4427-4373-BFFB-7ED977649D92}.Release|iPhoneSimulator.ActiveCfg = Release|iPhoneSimulator
		{680DE362-4427-4373-BFFB-7ED977649D92}.Release|iPhoneSimulator.Build.0 = Release|iPhoneSimulator
		{680DE362-4427-4373-BFFB-7ED977649D92}.Release|iPhoneSimulator.Deploy.0 = Release|iPhoneSimulator
		{0863C4F5-3A6D-4F70-BABB-E3738B7D59B5}.Debug|Any CPU.ActiveCfg = Debug|Any CPU
		{0863C4F5-3A6D-4F70-BABB-E3738B7D59B5}.Debug|Any CPU.Build.0 = Debug|Any CPU
		{0863C4F5-3A6D-4F70-BABB-E3738B7D59B5}.Debug|Any CPU.Deploy.0 = Debug|Any CPU
		{0863C4F5-3A6D-4F70-BABB-E3738B7D59B5}.Debug|iPhone.ActiveCfg = Debug|Any CPU
		{0863C4F5-3A6D-4F70-BABB-E3738B7D59B5}.Debug|iPhone.Build.0 = Debug|Any CPU
		{0863C4F5-3A6D-4F70-BABB-E3738B7D59B5}.Debug|iPhone.Deploy.0 = Debug|Any CPU
		{0863C4F5-3A6D-4F70-BABB-E3738B7D59B5}.Debug|iPhoneSimulator.ActiveCfg = Debug|Any CPU
		{0863C4F5-3A6D-4F70-BABB-E3738B7D59B5}.Debug|iPhoneSimulator.Build.0 = Debug|Any CPU
		{0863C4F5-3A6D-4F70-BABB-E3738B7D59B5}.Debug|iPhoneSimulator.Deploy.0 = Debug|Any CPU
		{0863C4F5-3A6D-4F70-BABB-E3738B7D59B5}.Release|Any CPU.ActiveCfg = Release|Any CPU
		{0863C4F5-3A6D-4F70-BABB-E3738B7D59B5}.Release|Any CPU.Build.0 = Release|Any CPU
		{0863C4F5-3A6D-4F70-BABB-E3738B7D59B5}.Release|Any CPU.Deploy.0 = Release|Any CPU
		{0863C4F5-3A6D-4F70-BABB-E3738B7D59B5}.Release|iPhone.ActiveCfg = Release|Any CPU
		{0863C4F5-3A6D-4F70-BABB-E3738B7D59B5}.Release|iPhone.Build.0 = Release|Any CPU
		{0863C4F5-3A6D-4F70-BABB-E3738B7D59B5}.Release|iPhone.Deploy.0 = Release|Any CPU
		{0863C4F5-3A6D-4F70-BABB-E3738B7D59B5}.Release|iPhoneSimulator.ActiveCfg = Release|Any CPU
		{0863C4F5-3A6D-4F70-BABB-E3738B7D59B5}.Release|iPhoneSimulator.Build.0 = Release|Any CPU
		{0863C4F5-3A6D-4F70-BABB-E3738B7D59B5}.Release|iPhoneSimulator.Deploy.0 = Release|Any CPU
	EndGlobalSection
	GlobalSection(SolutionProperties) = preSolution
		HideSolutionNode = FALSE
	EndGlobalSection
	GlobalSection(ExtensibilityGlobals) = postSolution
		SolutionGuid = {521F16D4-57FE-4886-92DB-86649835584D}
	EndGlobalSection
EndGlobal
